
Microsoft Visual Studio Solution File, Format Version 12.00
# Visual Studio Version 16
VisualStudioVersion = 16.0.35229.62
MinimumVisualStudioVersion = 10.0.40219.1
Project("{FAE04EC0-301F-11D3-BF4B-00C04F79EFBC}") = "Acrostograph", "Acrostograph\Acrostograph.csproj", "{EAC5D64D-FEC0-4D44-AB42-B969E0C59028}"
EndProject
Global
	GlobalSection(SolutionConfigurationPlatforms) = preSolution
		Debug|Any CPU = Debug|Any CPU
		Debug|x64 = Debug|x64
		Release|Any CPU = Release|Any CPU
		Release|x64 = Release|x64
	EndGlobalSection
	GlobalSection(ProjectConfigurationPlatforms) = postSolution
		{EAC5D64D-FEC0-4D44-AB42-B969E0C59028}.Debug|Any CPU.ActiveCfg = Debug|Any CPU
		{EAC5D64D-FEC0-4D44-AB42-B969E0C59028}.Debug|Any CPU.Build.0 = Debug|Any CPU
		{EAC5D64D-FEC0-4D44-AB42-B969E0C59028}.Debug|x64.ActiveCfg = Debug|x64
		{EAC5D64D-FEC0-4D44-AB42-B969E0C59028}.Debug|x64.Build.0 = Debug|x64
		{EAC5D64D-FEC0-4D44-AB42-B969E0C59028}.Release|Any CPU.ActiveCfg = Release|Any CPU
		{EAC5D64D-FEC0-4D44-AB42-B969E0C59028}.Release|Any CPU.Build.0 = Release|Any CPU
		{EAC5D64D-FEC0-4D44-AB42-B969E0C59028}.Release|x64.ActiveCfg = Release|x64
		{EAC5D64D-FEC0-4D44-AB42-B969E0C59028}.Release|x64.Build.0 = Release|x64
	EndGlobalSection
	GlobalSection(SolutionProperties) = preSolution
		HideSolutionNode = FALSE
	EndGlobalSection
	GlobalSection(ExtensibilityGlobals) = postSolution
		SolutionGuid = {42CA5855-E1D4-4A66-96F0-76EC4B26E859}
	EndGlobalSection
EndGlobal
